
Microsoft Visual Studio Solution File, Format Version 12.00
# Visual Studio 15
VisualStudioVersion = 15.0.28307.1000
MinimumVisualStudioVersion = 10.0.40219.1
Project("{FAE04EC0-301F-11D3-BF4B-00C04F79EFBC}") = "API_Start", "API_Start\API_Start.csproj", "{BA4CF2DE-48FC-46C4-871C-2536986442DD}"
EndProject
Global
	GlobalSection(SolutionConfigurationPlatforms) = preSolution
		Debug|Any CPU = Debug|Any CPU
		Release|Any CPU = Release|Any CPU
	EndGlobalSection
	GlobalSection(ProjectConfigurationPlatforms) = postSolution
		{BA4CF2DE-48FC-46C4-871C-2536986442DD}.Debug|Any CPU.ActiveCfg = Debug|Any CPU
		{BA4CF2DE-48FC-46C4-871C-2536986442DD}.Debug|Any CPU.Build.0 = Debug|Any CPU
		{BA4CF2DE-48FC-46C4-871C-2536986442DD}.Release|Any CPU.ActiveCfg = Release|Any CPU
		{BA4CF2DE-48FC-46C4-871C-2536986442DD}.Release|Any CPU.Build.0 = Release|Any CPU
	EndGlobalSection
	GlobalSection(SolutionProperties) = preSolution
		HideSolutionNode = FALSE
	EndGlobalSection
	GlobalSection(ExtensibilityGlobals) = postSolution
		SolutionGuid = {9340B6ED-F4FD-4EB1-83D5-4A031D34A465}
	EndGlobalSection
EndGlobal
